
Microsoft Visual Studio Solution File, Format Version 12.00
# Visual Studio 15
VisualStudioVersion = 15.0.27703.2042
MinimumVisualStudioVersion = 10.0.40219.1
Project("{FAE04EC0-301F-11D3-BF4B-00C04F79EFBC}") = "The Mosholla Wala (Final)", "The Mosholla Wala (Version 3)\The Mosholla Wala (Final).csproj", "{D2AB66A1-5721-467A-AABF-ED1A4436886A}"
EndProject
Global
	GlobalSection(SolutionConfigurationPlatforms) = preSolution
		Debug|Any CPU = Debug|Any CPU
		Release|Any CPU = Release|Any CPU
	EndGlobalSection
	GlobalSection(ProjectConfigurationPlatforms) = postSolution
		{D2AB66A1-5721-467A-AABF-ED1A4436886A}.Debug|Any CPU.ActiveCfg = Debug|Any CPU
		{D2AB66A1-5721-467A-AABF-ED1A4436886A}.Debug|Any CPU.Build.0 = Debug|Any CPU
		{D2AB66A1-5721-467A-AABF-ED1A4436886A}.Release|Any CPU.ActiveCfg = Release|Any CPU
		{D2AB66A1-5721-467A-AABF-ED1A4436886A}.Release|Any CPU.Build.0 = Release|Any CPU
	EndGlobalSection
	GlobalSection(SolutionProperties) = preSolution
		HideSolutionNode = FALSE
	EndGlobalSection
	GlobalSection(ExtensibilityGlobals) = postSolution
		SolutionGuid = {614DE8A1-F0D2-4C73-BD81-71BB0FBCDB39}
	EndGlobalSection
EndGlobal
